
Microsoft Visual Studio Solution File, Format Version 12.00
# Visual Studio Version 17
VisualStudioVersion = 17.4.33213.308
MinimumVisualStudioVersion = 10.0.40219.1
Project("{FAE04EC0-301F-11D3-BF4B-00C04F79EFBC}") = "Governement Public Health Care", "Governement Public Health Care.csproj", "{90F1931E-FF11-4516-9FD4-E528FAEFB651}"
EndProject
Global
	GlobalSection(SolutionConfigurationPlatforms) = preSolution
		Debug|Any CPU = Debug|Any CPU
		Release|Any CPU = Release|Any CPU
	EndGlobalSection
	GlobalSection(ProjectConfigurationPlatforms) = postSolution
		{90F1931E-FF11-4516-9FD4-E528FAEFB651}.Debug|Any CPU.ActiveCfg = Debug|Any CPU
		{90F1931E-FF11-4516-9FD4-E528FAEFB651}.Debug|Any CPU.Build.0 = Debug|Any CPU
		{90F1931E-FF11-4516-9FD4-E528FAEFB651}.Release|Any CPU.ActiveCfg = Release|Any CPU
		{90F1931E-FF11-4516-9FD4-E528FAEFB651}.Release|Any CPU.Build.0 = Release|Any CPU
	EndGlobalSection
	GlobalSection(SolutionProperties) = preSolution
		HideSolutionNode = FALSE
	EndGlobalSection
	GlobalSection(ExtensibilityGlobals) = postSolution
		SolutionGuid = {F81DD40E-D25F-4675-9A23-B87D24232D6B}
	EndGlobalSection
EndGlobal
